
Microsoft Visual Studio Solution File, Format Version 12.00
# Visual Studio Version 17
VisualStudioVersion = 17.3.32929.385
MinimumVisualStudioVersion = 10.0.40219.1
Project("{FAE04EC0-301F-11D3-BF4B-00C04F79EFBC}") = "Lab1_CP", "Lab1_CP\Lab1_CP.csproj", "{0F7E3170-B7B6-4149-B26F-42E5E9176B18}"
EndProject
Global
	GlobalSection(SolutionConfigurationPlatforms) = preSolution
		Debug|Any CPU = Debug|Any CPU
		Release|Any CPU = Release|Any CPU
	EndGlobalSection
	GlobalSection(ProjectConfigurationPlatforms) = postSolution
		{0F7E3170-B7B6-4149-B26F-42E5E9176B18}.Debug|Any CPU.ActiveCfg = Debug|Any CPU
		{0F7E3170-B7B6-4149-B26F-42E5E9176B18}.Debug|Any CPU.Build.0 = Debug|Any CPU
		{0F7E3170-B7B6-4149-B26F-42E5E9176B18}.Release|Any CPU.ActiveCfg = Release|Any CPU
		{0F7E3170-B7B6-4149-B26F-42E5E9176B18}.Release|Any CPU.Build.0 = Release|Any CPU
	EndGlobalSection
	GlobalSection(SolutionProperties) = preSolution
		HideSolutionNode = FALSE
	EndGlobalSection
	GlobalSection(ExtensibilityGlobals) = postSolution
		SolutionGuid = {1360F3E4-0C2F-48E9-BEA8-629F46FC5B3B}
	EndGlobalSection
EndGlobal
